
Microsoft Visual Studio Solution File, Format Version 12.00
# Visual Studio Version 17
VisualStudioVersion = 17.11.35312.102
MinimumVisualStudioVersion = 10.0.40219.1
Project("{9A19103F-16F7-4668-BE54-9A1E7A4F7556}") = "TestBitHacksOperations", "CSharp\TestBitHacksOperations\TestBitHacksOperations.csproj", "{D1CF4248-7015-4638-B3A9-85A7A88C79CD}"
EndProject
Project("{778DAE3C-4631-46EA-AA77-85C1314464D9}") = "TestBitHacksOperationsVb", "VbNet\TestBitHacksOperationsVb\TestBitHacksOperationsVb.vbproj", "{E7F40FA2-EB46-411A-92FC-65D5329245CF}"
EndProject
Project("{8BC9CEB8-8B4A-11D0-8D11-00A0C91BC942}") = "TestBitHacksOperationsC", "C\TestBitHacksOperationsC\TestBitHacksOperationsC.vcxproj", "{3AEB6AB7-DC9C-4C58-8990-473062D878EB}"
EndProject
Project("{9A19103F-16F7-4668-BE54-9A1E7A4F7556}") = "BitHacksOperations", "CSharp\BitHacksOperations\BitHacksOperations.csproj", "{D77FCF03-C8E5-4A43-8E5E-721BAB3E863A}"
EndProject
Global
	GlobalSection(SolutionConfigurationPlatforms) = preSolution
		Debug|Any CPU = Debug|Any CPU
		Debug|x64 = Debug|x64
		Debug|x86 = Debug|x86
		Release|Any CPU = Release|Any CPU
		Release|x64 = Release|x64
		Release|x86 = Release|x86
	EndGlobalSection
	GlobalSection(ProjectConfigurationPlatforms) = postSolution
		{D1CF4248-7015-4638-B3A9-85A7A88C79CD}.Debug|Any CPU.ActiveCfg = Debug|Any CPU
		{D1CF4248-7015-4638-B3A9-85A7A88C79CD}.Debug|Any CPU.Build.0 = Debug|Any CPU
		{D1CF4248-7015-4638-B3A9-85A7A88C79CD}.Debug|x64.ActiveCfg = Debug|x64
		{D1CF4248-7015-4638-B3A9-85A7A88C79CD}.Debug|x64.Build.0 = Debug|x64
		{D1CF4248-7015-4638-B3A9-85A7A88C79CD}.Debug|x86.ActiveCfg = Debug|Any CPU
		{D1CF4248-7015-4638-B3A9-85A7A88C79CD}.Debug|x86.Build.0 = Debug|Any CPU
		{D1CF4248-7015-4638-B3A9-85A7A88C79CD}.Release|Any CPU.ActiveCfg = Release|Any CPU
		{D1CF4248-7015-4638-B3A9-85A7A88C79CD}.Release|Any CPU.Build.0 = Release|Any CPU
		{D1CF4248-7015-4638-B3A9-85A7A88C79CD}.Release|x64.ActiveCfg = Release|x64
		{D1CF4248-7015-4638-B3A9-85A7A88C79CD}.Release|x64.Build.0 = Release|x64
		{D1CF4248-7015-4638-B3A9-85A7A88C79CD}.Release|x86.ActiveCfg = Release|Any CPU
		{D1CF4248-7015-4638-B3A9-85A7A88C79CD}.Release|x86.Build.0 = Release|Any CPU
		{E7F40FA2-EB46-411A-92FC-65D5329245CF}.Debug|Any CPU.ActiveCfg = Debug|Any CPU
		{E7F40FA2-EB46-411A-92FC-65D5329245CF}.Debug|Any CPU.Build.0 = Debug|Any CPU
		{E7F40FA2-EB46-411A-92FC-65D5329245CF}.Debug|x64.ActiveCfg = Debug|x64
		{E7F40FA2-EB46-411A-92FC-65D5329245CF}.Debug|x64.Build.0 = Debug|x64
		{E7F40FA2-EB46-411A-92FC-65D5329245CF}.Debug|x86.ActiveCfg = Debug|Any CPU
		{E7F40FA2-EB46-411A-92FC-65D5329245CF}.Debug|x86.Build.0 = Debug|Any CPU
		{E7F40FA2-EB46-411A-92FC-65D5329245CF}.Release|Any CPU.ActiveCfg = Release|Any CPU
		{E7F40FA2-EB46-411A-92FC-65D5329245CF}.Release|Any CPU.Build.0 = Release|Any CPU
		{E7F40FA2-EB46-411A-92FC-65D5329245CF}.Release|x64.ActiveCfg = Release|x64
		{E7F40FA2-EB46-411A-92FC-65D5329245CF}.Release|x64.Build.0 = Release|x64
		{E7F40FA2-EB46-411A-92FC-65D5329245CF}.Release|x86.ActiveCfg = Release|Any CPU
		{E7F40FA2-EB46-411A-92FC-65D5329245CF}.Release|x86.Build.0 = Release|Any CPU
		{3AEB6AB7-DC9C-4C58-8990-473062D878EB}.Debug|Any CPU.ActiveCfg = Debug|x64
		{3AEB6AB7-DC9C-4C58-8990-473062D878EB}.Debug|Any CPU.Build.0 = Debug|x64
		{3AEB6AB7-DC9C-4C58-8990-473062D878EB}.Debug|x64.ActiveCfg = Debug|x64
		{3AEB6AB7-DC9C-4C58-8990-473062D878EB}.Debug|x64.Build.0 = Debug|x64
		{3AEB6AB7-DC9C-4C58-8990-473062D878EB}.Debug|x86.ActiveCfg = Debug|Win32
		{3AEB6AB7-DC9C-4C58-8990-473062D878EB}.Debug|x86.Build.0 = Debug|Win32
		{3AEB6AB7-DC9C-4C58-8990-473062D878EB}.Release|Any CPU.ActiveCfg = Release|x64
		{3AEB6AB7-DC9C-4C58-8990-473062D878EB}.Release|Any CPU.Build.0 = Release|x64
		{3AEB6AB7-DC9C-4C58-8990-473062D878EB}.Release|x64.ActiveCfg = Release|x64
		{3AEB6AB7-DC9C-4C58-8990-473062D878EB}.Release|x64.Build.0 = Release|x64
		{3AEB6AB7-DC9C-4C58-8990-473062D878EB}.Release|x86.ActiveCfg = Release|Win32
		{3AEB6AB7-DC9C-4C58-8990-473062D878EB}.Release|x86.Build.0 = Release|Win32
		{D77FCF03-C8E5-4A43-8E5E-721BAB3E863A}.Debug|Any CPU.ActiveCfg = Debug|Any CPU
		{D77FCF03-C8E5-4A43-8E5E-721BAB3E863A}.Debug|Any CPU.Build.0 = Debug|Any CPU
		{D77FCF03-C8E5-4A43-8E5E-721BAB3E863A}.Debug|x64.ActiveCfg = Debug|x64
		{D77FCF03-C8E5-4A43-8E5E-721BAB3E863A}.Debug|x64.Build.0 = Debug|x64
		{D77FCF03-C8E5-4A43-8E5E-721BAB3E863A}.Debug|x86.ActiveCfg = Debug|Any CPU
		{D77FCF03-C8E5-4A43-8E5E-721BAB3E863A}.Debug|x86.Build.0 = Debug|Any CPU
		{D77FCF03-C8E5-4A43-8E5E-721BAB3E863A}.Release|Any CPU.ActiveCfg = Release|Any CPU
		{D77FCF03-C8E5-4A43-8E5E-721BAB3E863A}.Release|Any CPU.Build.0 = Release|Any CPU
		{D77FCF03-C8E5-4A43-8E5E-721BAB3E863A}.Release|x64.ActiveCfg = Release|x64
		{D77FCF03-C8E5-4A43-8E5E-721BAB3E863A}.Release|x64.Build.0 = Release|x64
		{D77FCF03-C8E5-4A43-8E5E-721BAB3E863A}.Release|x86.ActiveCfg = Release|Any CPU
		{D77FCF03-C8E5-4A43-8E5E-721BAB3E863A}.Release|x86.Build.0 = Release|Any CPU
	EndGlobalSection
	GlobalSection(SolutionProperties) = preSolution
		HideSolutionNode = FALSE
	EndGlobalSection
	GlobalSection(ExtensibilityGlobals) = postSolution
		SolutionGuid = {2089CACA-AD37-4061-9183-32E246E0739F}
	EndGlobalSection
EndGlobal
